// !$*UTF8*$!
{
	archiveVersion = 1;
	classes = {
	};
	objectVersion = 46;
	objects = {

/* Begin PBXBuildFile section */
		07210FBA1959BF40007AD523 /* Defaults.swift in Sources */ = {isa = PBXBuildFile; fileRef = 07210FB91959BF40007AD523 /* Defaults.swift */; };
		074C7F9C195E8C3600772590 /* UUIDViewController.swift in Sources */ = {isa = PBXBuildFile; fileRef = 074C7F9B195E8C3600772590 /* UUIDViewController.swift */; };
		07B2C2B619574D89007342CC /* AppDelegate.swift in Sources */ = {isa = PBXBuildFile; fileRef = 07B2C2B519574D89007342CC /* AppDelegate.swift */; };
		07B2C2B819574D89007342CC /* MasterViewController.swift in Sources */ = {isa = PBXBuildFile; fileRef = 07B2C2B719574D89007342CC /* MasterViewController.swift */; };
		07B2C2BA19574D89007342CC /* DetailViewController.swift in Sources */ = {isa = PBXBuildFile; fileRef = 07B2C2B919574D89007342CC /* DetailViewController.swift */; };
		07B2C2BD19574D89007342CC /* Main.storyboard in Resources */ = {isa = PBXBuildFile; fileRef = 07B2C2BB19574D89007342CC /* Main.storyboard */; };
		07B2C2BF19574D89007342CC /* Images.xcassets in Resources */ = {isa = PBXBuildFile; fileRef = 07B2C2BE19574D89007342CC /* Images.xcassets */; };
		07B2C2CB19574D89007342CC /* Swift4Tests.swift in Sources */ = {isa = PBXBuildFile; fileRef = 07B2C2CA19574D89007342CC /* Swift4Tests.swift */; };
		07B2C2D519575C5C007342CC /* ConfigurationViewController.swift in Sources */ = {isa = PBXBuildFile; fileRef = 07B2C2D419575C5C007342CC /* ConfigurationViewController.swift */; };
		07B2C2D719575D9B007342CC /* CoreLocation.framework in Frameworks */ = {isa = PBXBuildFile; fileRef = 07B2C2D619575D9B007342CC /* CoreLocation.framework */; };
		07B2C2D919575DAA007342CC /* CoreBluetooth.framework in Frameworks */ = {isa = PBXBuildFile; fileRef = 07B2C2D819575DAA007342CC /* CoreBluetooth.framework */; };
		07B2C2DB19575DC1007342CC /* UIKit.framework in Frameworks */ = {isa = PBXBuildFile; fileRef = 07B2C2DA19575DC1007342CC /* UIKit.framework */; };
		07B2C2DD19575DC9007342CC /* Foundation.framework in Frameworks */ = {isa = PBXBuildFile; fileRef = 07B2C2DC19575DC9007342CC /* Foundation.framework */; };
		07B2C2DF19575DD1007342CC /* CoreGraphics.framework in Frameworks */ = {isa = PBXBuildFile; fileRef = 07B2C2DE19575DD1007342CC /* CoreGraphics.framework */; settings = {ATTRIBUTES = (Required, ); }; };
		07DDDDE0196399F100781AF6 /* TestMonitoringViewController.swift in Sources */ = {isa = PBXBuildFile; fileRef = 07DDDDDF196399F100781AF6 /* TestMonitoringViewController.swift */; };
		07DE10EA1960A0DA006D47FC /* MonitoringViewController.swift in Sources */ = {isa = PBXBuildFile; fileRef = 07DE10E91960A0DA006D47FC /* MonitoringViewController.swift */; };
/* End PBXBuildFile section */

/* Begin PBXContainerItemProxy section */
		07B2C2C519574D89007342CC /* PBXContainerItemProxy */ = {
			isa = PBXContainerItemProxy;
			containerPortal = 07B2C2A819574D89007342CC /* Project object */;
			proxyType = 1;
			remoteGlobalIDString = 07B2C2AF19574D89007342CC;
			remoteInfo = Swift4;
		};
/* End PBXContainerItemProxy section */

/* Begin PBXFileReference section */
		07210FB91959BF40007AD523 /* Defaults.swift */ = {isa = PBXFileReference; fileEncoding = 4; lastKnownFileType = sourcecode.swift; path = Defaults.swift; sourceTree = "<group>"; };
		074C7F9B195E8C3600772590 /* UUIDViewController.swift */ = {isa = PBXFileReference; fileEncoding = 4; lastKnownFileType = sourcecode.swift; path = UUIDViewController.swift; sourceTree = "<group>"; };
		07B2C2B019574D89007342CC /* Swift4.app */ = {isa = PBXFileReference; explicitFileType = wrapper.application; includeInIndex = 0; path = Swift4.app; sourceTree = BUILT_PRODUCTS_DIR; };
		07B2C2B419574D89007342CC /* Info.plist */ = {isa = PBXFileReference; lastKnownFileType = text.plist.xml; path = Info.plist; sourceTree = "<group>"; };
		07B2C2B519574D89007342CC /* AppDelegate.swift */ = {isa = PBXFileReference; lastKnownFileType = sourcecode.swift; path = AppDelegate.swift; sourceTree = "<group>"; };
		07B2C2B719574D89007342CC /* MasterViewController.swift */ = {isa = PBXFileReference; lastKnownFileType = sourcecode.swift; path = MasterViewController.swift; sourceTree = "<group>"; };
		07B2C2B919574D89007342CC /* DetailViewController.swift */ = {isa = PBXFileReference; lastKnownFileType = sourcecode.swift; path = DetailViewController.swift; sourceTree = "<group>"; };
		07B2C2BC19574D89007342CC /* Base */ = {isa = PBXFileReference; lastKnownFileType = file.storyboard; name = Base; path = Base.lproj/Main.storyboard; sourceTree = "<group>"; };
		07B2C2BE19574D89007342CC /* Images.xcassets */ = {isa = PBXFileReference; lastKnownFileType = folder.assetcatalog; path = Images.xcassets; sourceTree = "<group>"; };
		07B2C2C419574D89007342CC /* Swift4Tests.xctest */ = {isa = PBXFileReference; explicitFileType = wrapper.cfbundle; includeInIndex = 0; path = Swift4Tests.xctest; sourceTree = BUILT_PRODUCTS_DIR; };
		07B2C2C919574D89007342CC /* Info.plist */ = {isa = PBXFileReference; lastKnownFileType = text.plist.xml; path = Info.plist; sourceTree = "<group>"; };
		07B2C2CA19574D89007342CC /* Swift4Tests.swift */ = {isa = PBXFileReference; lastKnownFileType = sourcecode.swift; path = Swift4Tests.swift; sourceTree = "<group>"; };
		07B2C2D419575C5C007342CC /* ConfigurationViewController.swift */ = {isa = PBXFileReference; fileEncoding = 4; lastKnownFileType = sourcecode.swift; path = ConfigurationViewController.swift; sourceTree = "<group>"; };
		07B2C2D619575D9B007342CC /* CoreLocation.framework */ = {isa = PBXFileReference; lastKnownFileType = wrapper.framework; name = CoreLocation.framework; path = System/Library/Frameworks/CoreLocation.framework; sourceTree = SDKROOT; };
		07B2C2D819575DAA007342CC /* CoreBluetooth.framework */ = {isa = PBXFileReference; lastKnownFileType = wrapper.framework; name = CoreBluetooth.framework; path = System/Library/Frameworks/CoreBluetooth.framework; sourceTree = SDKROOT; };
		07B2C2DA19575DC1007342CC /* UIKit.framework */ = {isa = PBXFileReference; lastKnownFileType = wrapper.framework; name = UIKit.framework; path = System/Library/Frameworks/UIKit.framework; sourceTree = SDKROOT; };
		07B2C2DC19575DC9007342CC /* Foundation.framework */ = {isa = PBXFileReference; lastKnownFileType = wrapper.framework; name = Foundation.framework; path = System/Library/Frameworks/Foundation.framework; sourceTree = SDKROOT; };
		07B2C2DE19575DD1007342CC /* CoreGraphics.framework */ = {isa = PBXFileReference; lastKnownFileType = wrapper.framework; name = CoreGraphics.framework; path = System/Library/Frameworks/CoreGraphics.framework; sourceTree = SDKROOT; };
		07DDDDDF196399F100781AF6 /* TestMonitoringViewController.swift */ = {isa = PBXFileReference; fileEncoding = 4; lastKnownFileType = sourcecode.swift; path = TestMonitoringViewController.swift; sourceTree = "<group>"; };
		07DE10E91960A0DA006D47FC /* MonitoringViewController.swift */ = {isa = PBXFileReference; fileEncoding = 4; lastKnownFileType = sourcecode.swift; path = MonitoringViewController.swift; sourceTree = "<group>"; };
/* End PBXFileReference section */

/* Begin PBXFrameworksBuildPhase section */
		07B2C2AD19574D89007342CC /* Frameworks */ = {
			isa = PBXFrameworksBuildPhase;
			buildActionMask = 2147483647;
			files = (
				07B2C2DF19575DD1007342CC /* CoreGraphics.framework in Frameworks */,
				07B2C2DD19575DC9007342CC /* Foundation.framework in Frameworks */,
				07B2C2DB19575DC1007342CC /* UIKit.framework in Frameworks */,
				07B2C2D919575DAA007342CC /* CoreBluetooth.framework in Frameworks */,
				07B2C2D719575D9B007342CC /* CoreLocation.framework in Frameworks */,
			);
			runOnlyForDeploymentPostprocessing = 0;
		};
		07B2C2C119574D89007342CC /* Frameworks */ = {
			isa = PBXFrameworksBuildPhase;
			buildActionMask = 2147483647;
			files = (
			);
			runOnlyForDeploymentPostprocessing = 0;
		};
/* End PBXFrameworksBuildPhase section */

/* Begin PBXGroup section */
		07B2C2A719574D89007342CC = {
			isa = PBXGroup;
			children = (
				07B2C2B219574D89007342CC /* Swift4 */,
				07B2C2C719574D89007342CC /* Swift4Tests */,
				07B2C2E019575DD5007342CC /* Frameworks */,
				07B2C2B119574D89007342CC /* Products */,
			);
			sourceTree = "<group>";
		};
		07B2C2B119574D89007342CC /* Products */ = {
			isa = PBXGroup;
			children = (
				07B2C2B019574D89007342CC /* Swift4.app */,
				07B2C2C419574D89007342CC /* Swift4Tests.xctest */,
			);
			name = Products;
			sourceTree = "<group>";
		};
		07B2C2B219574D89007342CC /* Swift4 */ = {
			isa = PBXGroup;
			children = (
				07B2C2B519574D89007342CC /* AppDelegate.swift */,
				07B2C2D419575C5C007342CC /* ConfigurationViewController.swift */,
				07210FB91959BF40007AD523 /* Defaults.swift */,
				07B2C2B919574D89007342CC /* DetailViewController.swift */,
				07B2C2B719574D89007342CC /* MasterViewController.swift */,
				07DE10E91960A0DA006D47FC /* MonitoringViewController.swift */,
				074C7F9B195E8C3600772590 /* UUIDViewController.swift */,
				07B2C2B319574D89007342CC /* Supporting Files */,
				07DDDDDF196399F100781AF6 /* TestMonitoringViewController.swift */,
			);
			path = Swift4;
			sourceTree = "<group>";
		};
		07B2C2B319574D89007342CC /* Supporting Files */ = {
			isa = PBXGroup;
			children = (
				07B2C2BB19574D89007342CC /* Main.storyboard */,
				07B2C2BE19574D89007342CC /* Images.xcassets */,
				07B2C2B419574D89007342CC /* Info.plist */,
			);
			name = "Supporting Files";
			sourceTree = "<group>";
		};
		07B2C2C719574D89007342CC /* Swift4Tests */ = {
			isa = PBXGroup;
			children = (
				07B2C2CA19574D89007342CC /* Swift4Tests.swift */,
				07B2C2C819574D89007342CC /* Supporting Files */,
			);
			path = Swift4Tests;
			sourceTree = "<group>";
		};
		07B2C2C819574D89007342CC /* Supporting Files */ = {
			isa = PBXGroup;
			children = (
				07B2C2C919574D89007342CC /* Info.plist */,
			);
			name = "Supporting Files";
			sourceTree = "<group>";
		};
		07B2C2E019575DD5007342CC /* Frameworks */ = {
			isa = PBXGroup;
			children = (
				07B2C2DE19575DD1007342CC /* CoreGraphics.framework */,
				07B2C2DC19575DC9007342CC /* Foundation.framework */,
				07B2C2DA19575DC1007342CC /* UIKit.framework */,
				07B2C2D819575DAA007342CC /* CoreBluetooth.framework */,
				07B2C2D619575D9B007342CC /* CoreLocation.framework */,
			);
			name = Frameworks;
			sourceTree = "<group>";
		};
/* End PBXGroup section */

/* Begin PBXNativeTarget section */
		07B2C2AF19574D89007342CC /* Swift4 */ = {
			isa = PBXNativeTarget;
			buildConfigurationList = 07B2C2CE19574D89007342CC /* Build configuration list for PBXNativeTarget "Swift4" */;
			buildPhases = (
				07B2C2AC19574D89007342CC /* Sources */,
				07B2C2AD19574D89007342CC /* Frameworks */,
				07B2C2AE19574D89007342CC /* Resources */,
			);
			buildRules = (
			);
			dependencies = (
			);
			name = Swift4;
			productName = Swift4;
			productReference = 07B2C2B019574D89007342CC /* Swift4.app */;
			productType = "com.apple.product-type.application";
		};
		07B2C2C319574D89007342CC /* Swift4Tests */ = {
			isa = PBXNativeTarget;
			buildConfigurationList = 07B2C2D119574D89007342CC /* Build configuration list for PBXNativeTarget "Swift4Tests" */;
			buildPhases = (
				07B2C2C019574D89007342CC /* Sources */,
				07B2C2C119574D89007342CC /* Frameworks */,
				07B2C2C219574D89007342CC /* Resources */,
			);
			buildRules = (
			);
			dependencies = (
				07B2C2C619574D89007342CC /* PBXTargetDependency */,
			);
			name = Swift4Tests;
			productName = Swift4Tests;
			productReference = 07B2C2C419574D89007342CC /* Swift4Tests.xctest */;
			productType = "com.apple.product-type.bundle.unit-test";
		};
/* End PBXNativeTarget section */

/* Begin PBXProject section */
		07B2C2A819574D89007342CC /* Project object */ = {
			isa = PBXProject;
			attributes = {
				LastUpgradeCheck = 0600;
				ORGANIZATIONNAME = Lapizon;
				TargetAttributes = {
					07B2C2AF19574D89007342CC = {
						CreatedOnToolsVersion = 6.0;
						DevelopmentTeam = 9KS33G446B;
					};
					07B2C2C319574D89007342CC = {
						CreatedOnToolsVersion = 6.0;
						TestTargetID = 07B2C2AF19574D89007342CC;
					};
				};
			};
			buildConfigurationList = 07B2C2AB19574D89007342CC /* Build configuration list for PBXProject "Swift4" */;
			compatibilityVersion = "Xcode 3.2";
			developmentRegion = English;
			hasScannedForEncodings = 0;
			knownRegions = (
				en,
				Base,
			);
			mainGroup = 07B2C2A719574D89007342CC;
			productRefGroup = 07B2C2B119574D89007342CC /* Products */;
			projectDirPath = "";
			projectRoot = "";
			targets = (
				07B2C2AF19574D89007342CC /* Swift4 */,
				07B2C2C319574D89007342CC /* Swift4Tests */,
			);
		};
/* End PBXProject section */

/* Begin PBXResourcesBuildPhase section */
		07B2C2AE19574D89007342CC /* Resources */ = {
			isa = PBXResourcesBuildPhase;
			buildActionMask = 2147483647;
			files = (
				07B2C2BD19574D89007342CC /* Main.storyboard in Resources */,
				07B2C2BF19574D89007342CC /* Images.xcassets in Resources */,
			);
			runOnlyForDeploymentPostprocessing = 0;
		};
		07B2C2C219574D89007342CC /* Resources */ = {
			isa = PBXResourcesBuildPhase;
			buildActionMask = 2147483647;
			files = (
			);
			runOnlyForDeploymentPostprocessing = 0;
		};
/* End PBXResourcesBuildPhase section */

/* Begin PBXSourcesBuildPhase section */
		07B2C2AC19574D89007342CC /* Sources */ = {
			isa = PBXSourcesBuildPhase;
			buildActionMask = 2147483647;
			files = (
				07B2C2BA19574D89007342CC /* DetailViewController.swift in Sources */,
				07B2C2D519575C5C007342CC /* ConfigurationViewController.swift in Sources */,
				07DDDDE0196399F100781AF6 /* TestMonitoringViewController.swift in Sources */,
				07210FBA1959BF40007AD523 /* Defaults.swift in Sources */,
				074C7F9C195E8C3600772590 /* UUIDViewController.swift in Sources */,
				07B2C2B819574D89007342CC /* MasterViewController.swift in Sources */,
				07DE10EA1960A0DA006D47FC /* MonitoringViewController.swift in Sources */,
				07B2C2B619574D89007342CC /* AppDelegate.swift in Sources */,
			);
			runOnlyForDeploymentPostprocessing = 0;
		};
		07B2C2C019574D89007342CC /* Sources */ = {
			isa = PBXSourcesBuildPhase;
			buildActionMask = 2147483647;
			files = (
				07B2C2CB19574D89007342CC /* Swift4Tests.swift in Sources */,
			);
			runOnlyForDeploymentPostprocessing = 0;
		};
/* End PBXSourcesBuildPhase section */

/* Begin PBXTargetDependency section */
		07B2C2C619574D89007342CC /* PBXTargetDependency */ = {
			isa = PBXTargetDependency;
			target = 07B2C2AF19574D89007342CC /* Swift4 */;
			targetProxy = 07B2C2C519574D89007342CC /* PBXContainerItemProxy */;
		};
/* End PBXTargetDependency section */

/* Begin PBXVariantGroup section */
		07B2C2BB19574D89007342CC /* Main.storyboard */ = {
			isa = PBXVariantGroup;
			children = (
				07B2C2BC19574D89007342CC /* Base */,
			);
			name = Main.storyboard;
			sourceTree = "<group>";
		};
/* End PBXVariantGroup section */

/* Begin XCBuildConfiguration section */
		07B2C2CC19574D89007342CC /* Debug */ = {
			isa = XCBuildConfiguration;
			buildSettings = {
				ALWAYS_SEARCH_USER_PATHS = NO;
				CLANG_CXX_LANGUAGE_STANDARD = "gnu++0x";
				CLANG_CXX_LIBRARY = "libc++";
				CLANG_ENABLE_MODULES = YES;
				CLANG_ENABLE_OBJC_ARC = YES;
				CLANG_WARN_BOOL_CONVERSION = YES;
				CLANG_WARN_CONSTANT_CONVERSION = YES;
				CLANG_WARN_DIRECT_OBJC_ISA_USAGE = YES_ERROR;
				CLANG_WARN_EMPTY_BODY = YES;
				CLANG_WARN_ENUM_CONVERSION = YES;
				CLANG_WARN_INT_CONVERSION = YES;
				CLANG_WARN_OBJC_ROOT_CLASS = YES_ERROR;
				CLANG_WARN_UNREACHABLE_CODE = YES;
				CLANG_WARN__DUPLICATE_METHOD_MATCH = YES;
				"CODE_SIGN_IDENTITY[sdk=iphoneos*]" = "iPhone Developer";
				COPY_PHASE_STRIP = NO;
				ENABLE_STRICT_OBJC_MSGSEND = YES;
				GCC_C_LANGUAGE_STANDARD = gnu99;
				GCC_DYNAMIC_NO_PIC = NO;
				GCC_OPTIMIZATION_LEVEL = 0;
				GCC_PREPROCESSOR_DEFINITIONS = (
					"DEBUG=1",
					"$(inherited)",
				);
				GCC_SYMBOLS_PRIVATE_EXTERN = NO;
				GCC_WARN_64_TO_32_BIT_CONVERSION = YES;
				GCC_WARN_ABOUT_RETURN_TYPE = YES_ERROR;
				GCC_WARN_UNDECLARED_SELECTOR = YES;
				GCC_WARN_UNINITIALIZED_AUTOS = YES_AGGRESSIVE;
				GCC_WARN_UNUSED_FUNCTION = YES;
				GCC_WARN_UNUSED_VARIABLE = YES;
				IPHONEOS_DEPLOYMENT_TARGET = 8.0;
				METAL_ENABLE_DEBUG_INFO = YES;
				ONLY_ACTIVE_ARCH = YES;
				SDKROOT = iphoneos;
				SWIFT_OPTIMIZATION_LEVEL = "-Onone";
				TARGETED_DEVICE_FAMILY = "1,2";
			};
			name = Debug;
		};
		07B2C2CD19574D89007342CC /* Release */ = {
			isa = XCBuildConfiguration;
			buildSettings = {
				ALWAYS_SEARCH_USER_PATHS = NO;
				CLANG_CXX_LANGUAGE_STANDARD = "gnu++0x";
				CLANG_CXX_LIBRARY = "libc++";
				CLANG_ENABLE_MODULES = YES;
				CLANG_ENABLE_OBJC_ARC = YES;
				CLANG_WARN_BOOL_CONVERSION = YES;
				CLANG_WARN_CONSTANT_CONVERSION = YES;
				CLANG_WARN_DIRECT_OBJC_ISA_USAGE = YES_ERROR;
				CLANG_WARN_EMPTY_BODY = YES;
				CLANG_WARN_ENUM_CONVERSION = YES;
				CLANG_WARN_INT_CONVERSION = YES;
				CLANG_WARN_OBJC_ROOT_CLASS = YES_ERROR;
				CLANG_WARN_UNREACHABLE_CODE = YES;
				CLANG_WARN__DUPLICATE_METHOD_MATCH = YES;
				"CODE_SIGN_IDENTITY[sdk=iphoneos*]" = "iPhone Developer";
				COPY_PHASE_STRIP = YES;
				ENABLE_NS_ASSERTIONS = NO;
				ENABLE_STRICT_OBJC_MSGSEND = YES;
				GCC_C_LANGUAGE_STANDARD = gnu99;
				GCC_WARN_64_TO_32_BIT_CONVERSION = YES;
				GCC_WARN_ABOUT_RETURN_TYPE = YES_ERROR;
				GCC_WARN_UNDECLARED_SELECTOR = YES;
				GCC_WARN_UNINITIALIZED_AUTOS = YES_AGGRESSIVE;
				GCC_WARN_UNUSED_FUNCTION = YES;
				GCC_WARN_UNUSED_VARIABLE = YES;
				IPHONEOS_DEPLOYMENT_TARGET = 8.0;
				METAL_ENABLE_DEBUG_INFO = NO;
				SDKROOT = iphoneos;
				TARGETED_DEVICE_FAMILY = "1,2";
				VALIDATE_PRODUCT = YES;
			};
			name = Release;
		};
		07B2C2CF19574D89007342CC /* Debug */ = {
			isa = XCBuildConfiguration;
			buildSettings = {
				ASSETCATALOG_COMPILER_APPICON_NAME = AppIcon;
				ASSETCATALOG_COMPILER_LAUNCHIMAGE_NAME = LaunchImage;
				CODE_SIGN_IDENTITY = "iPhone Developer";
				INFOPLIST_FILE = Swift4/Info.plist;
				IPHONEOS_DEPLOYMENT_TARGET = 7.1;
				LD_RUNPATH_SEARCH_PATHS = "$(inherited) @executable_path/Frameworks";
				PRODUCT_NAME = "$(TARGET_NAME)";
			};
			name = Debug;
		};
		07B2C2D019574D89007342CC /* Release */ = {
			isa = XCBuildConfiguration;
			buildSettings = {
				ASSETCATALOG_COMPILER_APPICON_NAME = AppIcon;
				ASSETCATALOG_COMPILER_LAUNCHIMAGE_NAME = LaunchImage;
				CODE_SIGN_IDENTITY = "iPhone Developer";
				INFOPLIST_FILE = Swift4/Info.plist;
				IPHONEOS_DEPLOYMENT_TARGET = 7.1;
				LD_RUNPATH_SEARCH_PATHS = "$(inherited) @executable_path/Frameworks";
				PRODUCT_NAME = "$(TARGET_NAME)";
			};
			name = Release;
		};
		07B2C2D219574D89007342CC /* Debug */ = {
			isa = XCBuildConfiguration;
			buildSettings = {
				BUNDLE_LOADER = "$(BUILT_PRODUCTS_DIR)/Swift4.app/Swift4";
				FRAMEWORK_SEARCH_PATHS = (
					"$(SDKROOT)/Developer/Library/Frameworks",
					"$(inherited)",
				);
				GCC_PREPROCESSOR_DEFINITIONS = (
					"DEBUG=1",
					"$(inherited)",
				);
				INFOPLIST_FILE = Swift4Tests/Info.plist;
				LD_RUNPATH_SEARCH_PATHS = "$(inherited) @executable_path/Frameworks @loader_path/Frameworks";
				METAL_ENABLE_DEBUG_INFO = YES;
				PRODUCT_NAME = "$(TARGET_NAME)";
				TEST_HOST = "$(BUNDLE_LOADER)";
			};
			name = Debug;
		};
		07B2C2D319574D89007342CC /* Release */ = {
			isa = XCBuildConfiguration;
			buildSettings = {
				BUNDLE_LOADER = "$(BUILT_PRODUCTS_DIR)/Swift4.app/Swift4";
				FRAMEWORK_SEARCH_PATHS = (
					"$(SDKROOT)/Developer/Library/Frameworks",
					"$(inherited)",
				);
				INFOPLIST_FILE = Swift4Tests/Info.plist;
				LD_RUNPATH_SEARCH_PATHS = "$(inherited) @executable_path/Frameworks @loader_path/Frameworks";
				METAL_ENABLE_DEBUG_INFO = NO;
				PRODUCT_NAME = "$(TARGET_NAME)";
				TEST_HOST = "$(BUNDLE_LOADER)";
			};
			name = Release;
		};
/* End XCBuildConfiguration section */

/* Begin XCConfigurationList section */
		07B2C2AB19574D89007342CC /* Build configuration list for PBXProject "Swift4" */ = {
			isa = XCConfigurationList;
			buildConfigurations = (
				07B2C2CC19574D89007342CC /* Debug */,
				07B2C2CD19574D89007342CC /* Release */,
			);
			defaultConfigurationIsVisible = 0;
			defaultConfigurationName = Release;
		};
		07B2C2CE19574D89007342CC /* Build configuration list for PBXNativeTarget "Swift4" */ = {
			isa = XCConfigurationList;
			buildConfigurations = (
				07B2C2CF19574D89007342CC /* Debug */,
				07B2C2D019574D89007342CC /* Release */,
			);
			defaultConfigurationIsVisible = 0;
			defaultConfigurationName = Release;
		};
		07B2C2D119574D89007342CC /* Build configuration list for PBXNativeTarget "Swift4Tests" */ = {
			isa = XCConfigurationList;
			buildConfigurations = (
				07B2C2D219574D89007342CC /* Debug */,
				07B2C2D319574D89007342CC /* Release */,
			);
			defaultConfigurationIsVisible = 0;
			defaultConfigurationName = Release;
		};
/* End XCConfigurationList section */
	};
	rootObject = 07B2C2A819574D89007342CC /* Project object */;
}
